// !$*UTF8*$!
{
	archiveVersion = 1;
	classes = {
	};
	objectVersion = 46;
	objects = {

/* Begin PBXBuildFile section */
		805D12DA16F86E8F009A4DBA /* UIKit.framework in Frameworks */ = {isa = PBXBuildFile; fileRef = 805D12D916F86E8F009A4DBA /* UIKit.framework */; };
		805D12DC16F86E8F009A4DBA /* Foundation.framework in Frameworks */ = {isa = PBXBuildFile; fileRef = 805D12DB16F86E8F009A4DBA /* Foundation.framework */; };
		805D12DE16F86E8F009A4DBA /* CoreGraphics.framework in Frameworks */ = {isa = PBXBuildFile; fileRef = 805D12DD16F86E8F009A4DBA /* CoreGraphics.framework */; };
		805D130A16F8778B009A4DBA /* Tower.m in Sources */ = {isa = PBXBuildFile; fileRef = 805D130916F8778B009A4DBA /* Tower.m */; };
		809595AC16F9C8C90065A87A /* Cell.m in Sources */ = {isa = PBXBuildFile; fileRef = 8095959C16F9C8C90065A87A /* Cell.m */; };
		809595AD16F9C8C90065A87A /* Creep.m in Sources */ = {isa = PBXBuildFile; fileRef = 8095959E16F9C8C90065A87A /* Creep.m */; };
		809595AF16F9C8C90065A87A /* Map.m in Sources */ = {isa = PBXBuildFile; fileRef = 809595A116F9C8C90065A87A /* Map.m */; };
		809595B016F9C8C90065A87A /* tdAppDelegate.m in Sources */ = {isa = PBXBuildFile; fileRef = 809595A316F9C8C90065A87A /* tdAppDelegate.m */; };
		809595B116F9C8C90065A87A /* tdView.xib in Resources */ = {isa = PBXBuildFile; fileRef = 809595A416F9C8C90065A87A /* tdView.xib */; };
		809595B316F9C8C90065A87A /* tdViewController.m in Sources */ = {isa = PBXBuildFile; fileRef = 809595A716F9C8C90065A87A /* tdViewController.m */; };
		809595B416F9C8C90065A87A /* tdViewGame.m in Sources */ = {isa = PBXBuildFile; fileRef = 809595A916F9C8C90065A87A /* tdViewGame.m */; };
		809595BE16F9C9720065A87A /* Default-568h@2x.png in Resources */ = {isa = PBXBuildFile; fileRef = 809595B716F9C9710065A87A /* Default-568h@2x.png */; };
		809595BF16F9C9720065A87A /* Default.png in Resources */ = {isa = PBXBuildFile; fileRef = 809595B816F9C9710065A87A /* Default.png */; };
		809595C016F9C9720065A87A /* Default@2x.png in Resources */ = {isa = PBXBuildFile; fileRef = 809595B916F9C9710065A87A /* Default@2x.png */; };
		809595C116F9C9720065A87A /* InfoPlist.strings in Resources */ = {isa = PBXBuildFile; fileRef = 809595BA16F9C9710065A87A /* InfoPlist.strings */; };
		809595C216F9C9720065A87A /* main.m in Sources */ = {isa = PBXBuildFile; fileRef = 809595BB16F9C9710065A87A /* main.m */; };
		809595C316F9C9720065A87A /* Tower Defense-Info.plist in Resources */ = {isa = PBXBuildFile; fileRef = 809595BC16F9C9710065A87A /* Tower Defense-Info.plist */; };
		809595C616F9CA880065A87A /* Path.m in Sources */ = {isa = PBXBuildFile; fileRef = 809595C516F9CA880065A87A /* Path.m */; };
		809595C916F9CAB10065A87A /* Wave.m in Sources */ = {isa = PBXBuildFile; fileRef = 809595C816F9CAB10065A87A /* Wave.m */; };
		80FA6B9B16FA09220040C404 /* Bullet.m in Sources */ = {isa = PBXBuildFile; fileRef = 80FA6B9A16FA09220040C404 /* Bullet.m */; };
/* End PBXBuildFile section */

/* Begin PBXFileReference section */
		805D12D616F86E8F009A4DBA /* Tower Defense.app */ = {isa = PBXFileReference; explicitFileType = wrapper.application; includeInIndex = 0; path = "Tower Defense.app"; sourceTree = BUILT_PRODUCTS_DIR; };
		805D12D916F86E8F009A4DBA /* UIKit.framework */ = {isa = PBXFileReference; lastKnownFileType = wrapper.framework; name = UIKit.framework; path = System/Library/Frameworks/UIKit.framework; sourceTree = SDKROOT; };
		805D12DB16F86E8F009A4DBA /* Foundation.framework */ = {isa = PBXFileReference; lastKnownFileType = wrapper.framework; name = Foundation.framework; path = System/Library/Frameworks/Foundation.framework; sourceTree = SDKROOT; };
		805D12DD16F86E8F009A4DBA /* CoreGraphics.framework */ = {isa = PBXFileReference; lastKnownFileType = wrapper.framework; name = CoreGraphics.framework; path = System/Library/Frameworks/CoreGraphics.framework; sourceTree = SDKROOT; };
		805D130816F8778B009A4DBA /* Tower.h */ = {isa = PBXFileReference; fileEncoding = 4; lastKnownFileType = sourcecode.c.h; name = Tower.h; path = ../Tower.h; sourceTree = "<group>"; };
		805D130916F8778B009A4DBA /* Tower.m */ = {isa = PBXFileReference; fileEncoding = 4; lastKnownFileType = sourcecode.c.objc; name = Tower.m; path = ../Tower.m; sourceTree = "<group>"; };
		8095959B16F9C8C90065A87A /* Cell.h */ = {isa = PBXFileReference; fileEncoding = 4; lastKnownFileType = sourcecode.c.h; path = Cell.h; sourceTree = SOURCE_ROOT; };
		8095959C16F9C8C90065A87A /* Cell.m */ = {isa = PBXFileReference; fileEncoding = 4; lastKnownFileType = sourcecode.c.objc; path = Cell.m; sourceTree = SOURCE_ROOT; };
		8095959D16F9C8C90065A87A /* Creep.h */ = {isa = PBXFileReference; fileEncoding = 4; lastKnownFileType = sourcecode.c.h; path = Creep.h; sourceTree = SOURCE_ROOT; };
		8095959E16F9C8C90065A87A /* Creep.m */ = {isa = PBXFileReference; fileEncoding = 4; lastKnownFileType = sourcecode.c.objc; path = Creep.m; sourceTree = SOURCE_ROOT; };
		809595A016F9C8C90065A87A /* Map.h */ = {isa = PBXFileReference; fileEncoding = 4; lastKnownFileType = sourcecode.c.h; path = Map.h; sourceTree = SOURCE_ROOT; };
		809595A116F9C8C90065A87A /* Map.m */ = {isa = PBXFileReference; fileEncoding = 4; lastKnownFileType = sourcecode.c.objc; path = Map.m; sourceTree = SOURCE_ROOT; };
		809595A216F9C8C90065A87A /* tdAppDelegate.h */ = {isa = PBXFileReference; fileEncoding = 4; lastKnownFileType = sourcecode.c.h; path = tdAppDelegate.h; sourceTree = SOURCE_ROOT; };
		809595A316F9C8C90065A87A /* tdAppDelegate.m */ = {isa = PBXFileReference; fileEncoding = 4; lastKnownFileType = sourcecode.c.objc; path = tdAppDelegate.m; sourceTree = SOURCE_ROOT; };
		809595A416F9C8C90065A87A /* tdView.xib */ = {isa = PBXFileReference; fileEncoding = 4; lastKnownFileType = file.xib; path = tdView.xib; sourceTree = SOURCE_ROOT; };
		809595A616F9C8C90065A87A /* tdViewController.h */ = {isa = PBXFileReference; fileEncoding = 4; lastKnownFileType = sourcecode.c.h; path = tdViewController.h; sourceTree = SOURCE_ROOT; };
		809595A716F9C8C90065A87A /* tdViewController.m */ = {isa = PBXFileReference; fileEncoding = 4; lastKnownFileType = sourcecode.c.objc; path = tdViewController.m; sourceTree = SOURCE_ROOT; };
		809595A816F9C8C90065A87A /* tdViewGame.h */ = {isa = PBXFileReference; fileEncoding = 4; lastKnownFileType = sourcecode.c.h; path = tdViewGame.h; sourceTree = SOURCE_ROOT; };
		809595A916F9C8C90065A87A /* tdViewGame.m */ = {isa = PBXFileReference; fileEncoding = 4; lastKnownFileType = sourcecode.c.objc; path = tdViewGame.m; sourceTree = SOURCE_ROOT; };
		809595B716F9C9710065A87A /* Default-568h@2x.png */ = {isa = PBXFileReference; lastKnownFileType = image.png; path = "Default-568h@2x.png"; sourceTree = "<group>"; };
		809595B816F9C9710065A87A /* Default.png */ = {isa = PBXFileReference; lastKnownFileType = image.png; path = Default.png; sourceTree = "<group>"; };
		809595B916F9C9710065A87A /* Default@2x.png */ = {isa = PBXFileReference; lastKnownFileType = image.png; path = "Default@2x.png"; sourceTree = "<group>"; };
		809595BA16F9C9710065A87A /* InfoPlist.strings */ = {isa = PBXFileReference; fileEncoding = 4; lastKnownFileType = text.plist.strings; path = InfoPlist.strings; sourceTree = "<group>"; };
		809595BB16F9C9710065A87A /* main.m */ = {isa = PBXFileReference; fileEncoding = 4; lastKnownFileType = sourcecode.c.objc; path = main.m; sourceTree = "<group>"; };
		809595BC16F9C9710065A87A /* Tower Defense-Info.plist */ = {isa = PBXFileReference; fileEncoding = 4; lastKnownFileType = text.plist.xml; path = "Tower Defense-Info.plist"; sourceTree = "<group>"; };
		809595BD16F9C9720065A87A /* Tower Defense-Prefix.pch */ = {isa = PBXFileReference; fileEncoding = 4; lastKnownFileType = sourcecode.c.h; path = "Tower Defense-Prefix.pch"; sourceTree = "<group>"; };
		809595C416F9CA880065A87A /* Path.h */ = {isa = PBXFileReference; fileEncoding = 4; lastKnownFileType = sourcecode.c.h; name = Path.h; path = ../Path.h; sourceTree = "<group>"; };
		809595C516F9CA880065A87A /* Path.m */ = {isa = PBXFileReference; fileEncoding = 4; lastKnownFileType = sourcecode.c.objc; name = Path.m; path = ../Path.m; sourceTree = "<group>"; };
		809595C716F9CAB10065A87A /* Wave.h */ = {isa = PBXFileReference; fileEncoding = 4; lastKnownFileType = sourcecode.c.h; name = Wave.h; path = ../Wave.h; sourceTree = "<group>"; };
		809595C816F9CAB10065A87A /* Wave.m */ = {isa = PBXFileReference; fileEncoding = 4; lastKnownFileType = sourcecode.c.objc; name = Wave.m; path = ../Wave.m; sourceTree = "<group>"; };
		80FA6B9916FA09220040C404 /* Bullet.h */ = {isa = PBXFileReference; fileEncoding = 4; lastKnownFileType = sourcecode.c.h; path = Bullet.h; sourceTree = "<group>"; };
		80FA6B9A16FA09220040C404 /* Bullet.m */ = {isa = PBXFileReference; fileEncoding = 4; lastKnownFileType = sourcecode.c.objc; path = Bullet.m; sourceTree = "<group>"; };
/* End PBXFileReference section */

/* Begin PBXFrameworksBuildPhase section */
		805D12D316F86E8F009A4DBA /* Frameworks */ = {
			isa = PBXFrameworksBuildPhase;
			buildActionMask = 2147483647;
			files = (
				805D12DA16F86E8F009A4DBA /* UIKit.framework in Frameworks */,
				805D12DC16F86E8F009A4DBA /* Foundation.framework in Frameworks */,
				805D12DE16F86E8F009A4DBA /* CoreGraphics.framework in Frameworks */,
			);
			runOnlyForDeploymentPostprocessing = 0;
		};
/* End PBXFrameworksBuildPhase section */

/* Begin PBXGroup section */
		805D12CD16F86E8F009A4DBA = {
			isa = PBXGroup;
			children = (
				805D12DF16F86E8F009A4DBA /* Tower Defense */,
				805D12D816F86E8F009A4DBA /* Frameworks */,
				805D12D716F86E8F009A4DBA /* Products */,
			);
			sourceTree = "<group>";
		};
		805D12D716F86E8F009A4DBA /* Products */ = {
			isa = PBXGroup;
			children = (
				805D12D616F86E8F009A4DBA /* Tower Defense.app */,
			);
			name = Products;
			sourceTree = "<group>";
		};
		805D12D816F86E8F009A4DBA /* Frameworks */ = {
			isa = PBXGroup;
			children = (
				805D12D916F86E8F009A4DBA /* UIKit.framework */,
				805D12DB16F86E8F009A4DBA /* Foundation.framework */,
				805D12DD16F86E8F009A4DBA /* CoreGraphics.framework */,
			);
			name = Frameworks;
			sourceTree = "<group>";
		};
		805D12DF16F86E8F009A4DBA /* Tower Defense */ = {
			isa = PBXGroup;
			children = (
				809595A216F9C8C90065A87A /* tdAppDelegate.h */,
				809595A316F9C8C90065A87A /* tdAppDelegate.m */,
				809595A416F9C8C90065A87A /* tdView.xib */,
				809595A616F9C8C90065A87A /* tdViewController.h */,
				809595A716F9C8C90065A87A /* tdViewController.m */,
				809595A816F9C8C90065A87A /* tdViewGame.h */,
				809595A916F9C8C90065A87A /* tdViewGame.m */,
				809595B616F9C9710065A87A /* Supporting Files */,
				8095959B16F9C8C90065A87A /* Cell.h */,
				8095959C16F9C8C90065A87A /* Cell.m */,
				8095959D16F9C8C90065A87A /* Creep.h */,
				8095959E16F9C8C90065A87A /* Creep.m */,
				809595A016F9C8C90065A87A /* Map.h */,
				809595A116F9C8C90065A87A /* Map.m */,
				809595C416F9CA880065A87A /* Path.h */,
				809595C516F9CA880065A87A /* Path.m */,
				805D130816F8778B009A4DBA /* Tower.h */,
				805D130916F8778B009A4DBA /* Tower.m */,
				809595C716F9CAB10065A87A /* Wave.h */,
				809595C816F9CAB10065A87A /* Wave.m */,
				80FA6B9916FA09220040C404 /* Bullet.h */,
				80FA6B9A16FA09220040C404 /* Bullet.m */,
			);
			path = "Tower Defense";
			sourceTree = "<group>";
		};
		809595B616F9C9710065A87A /* Supporting Files */ = {
			isa = PBXGroup;
			children = (
				809595B716F9C9710065A87A /* Default-568h@2x.png */,
				809595B816F9C9710065A87A /* Default.png */,
				809595B916F9C9710065A87A /* Default@2x.png */,
				809595BA16F9C9710065A87A /* InfoPlist.strings */,
				809595BB16F9C9710065A87A /* main.m */,
				809595BC16F9C9710065A87A /* Tower Defense-Info.plist */,
				809595BD16F9C9720065A87A /* Tower Defense-Prefix.pch */,
			);
			name = "Supporting Files";
			path = "../Supporting Files";
			sourceTree = "<group>";
		};
/* End PBXGroup section */

/* Begin PBXNativeTarget section */
		805D12D516F86E8F009A4DBA /* Tower Defense */ = {
			isa = PBXNativeTarget;
			buildConfigurationList = 805D12FC16F86E8F009A4DBA /* Build configuration list for PBXNativeTarget "Tower Defense" */;
			buildPhases = (
				805D12D216F86E8F009A4DBA /* Sources */,
				805D12D316F86E8F009A4DBA /* Frameworks */,
				805D12D416F86E8F009A4DBA /* Resources */,
			);
			buildRules = (
			);
			dependencies = (
			);
			name = "Tower Defense";
			productName = "Tower Defense";
			productReference = 805D12D616F86E8F009A4DBA /* Tower Defense.app */;
			productType = "com.apple.product-type.application";
		};
/* End PBXNativeTarget section */

/* Begin PBXProject section */
		805D12CE16F86E8F009A4DBA /* Project object */ = {
			isa = PBXProject;
			attributes = {
				CLASSPREFIX = td;
				LastUpgradeCheck = 0460;
				ORGANIZATIONNAME = "Edouard Leurent";
			};
			buildConfigurationList = 805D12D116F86E8F009A4DBA /* Build configuration list for PBXProject "Tower Defense" */;
			compatibilityVersion = "Xcode 3.2";
			developmentRegion = English;
			hasScannedForEncodings = 0;
			knownRegions = (
				en,
			);
			mainGroup = 805D12CD16F86E8F009A4DBA;
			productRefGroup = 805D12D716F86E8F009A4DBA /* Products */;
			projectDirPath = "";
			projectRoot = "";
			targets = (
				805D12D516F86E8F009A4DBA /* Tower Defense */,
			);
		};
/* End PBXProject section */

/* Begin PBXResourcesBuildPhase section */
		805D12D416F86E8F009A4DBA /* Resources */ = {
			isa = PBXResourcesBuildPhase;
			buildActionMask = 2147483647;
			files = (
				809595B116F9C8C90065A87A /* tdView.xib in Resources */,
				809595BE16F9C9720065A87A /* Default-568h@2x.png in Resources */,
				809595BF16F9C9720065A87A /* Default.png in Resources */,
				809595C016F9C9720065A87A /* Default@2x.png in Resources */,
				809595C116F9C9720065A87A /* InfoPlist.strings in Resources */,
				809595C316F9C9720065A87A /* Tower Defense-Info.plist in Resources */,
			);
			runOnlyForDeploymentPostprocessing = 0;
		};
/* End PBXResourcesBuildPhase section */

/* Begin PBXSourcesBuildPhase section */
		805D12D216F86E8F009A4DBA /* Sources */ = {
			isa = PBXSourcesBuildPhase;
			buildActionMask = 2147483647;
			files = (
				805D130A16F8778B009A4DBA /* Tower.m in Sources */,
				809595AC16F9C8C90065A87A /* Cell.m in Sources */,
				809595AD16F9C8C90065A87A /* Creep.m in Sources */,
				809595AF16F9C8C90065A87A /* Map.m in Sources */,
				809595B016F9C8C90065A87A /* tdAppDelegate.m in Sources */,
				809595B316F9C8C90065A87A /* tdViewController.m in Sources */,
				809595B416F9C8C90065A87A /* tdViewGame.m in Sources */,
				809595C216F9C9720065A87A /* main.m in Sources */,
				809595C616F9CA880065A87A /* Path.m in Sources */,
				809595C916F9CAB10065A87A /* Wave.m in Sources */,
				80FA6B9B16FA09220040C404 /* Bullet.m in Sources */,
			);
			runOnlyForDeploymentPostprocessing = 0;
		};
/* End PBXSourcesBuildPhase section */

/* Begin XCBuildConfiguration section */
		805D12FA16F86E8F009A4DBA /* Debug */ = {
			isa = XCBuildConfiguration;
			buildSettings = {
				ALWAYS_SEARCH_USER_PATHS = NO;
				CLANG_CXX_LANGUAGE_STANDARD = "gnu++0x";
				CLANG_CXX_LIBRARY = "libc++";
				CLANG_ENABLE_OBJC_ARC = YES;
				CLANG_WARN_CONSTANT_CONVERSION = YES;
				CLANG_WARN_EMPTY_BODY = YES;
				CLANG_WARN_ENUM_CONVERSION = YES;
				CLANG_WARN_INT_CONVERSION = YES;
				CLANG_WARN__DUPLICATE_METHOD_MATCH = YES;
				"CODE_SIGN_IDENTITY[sdk=iphoneos*]" = "iPhone Developer";
				COPY_PHASE_STRIP = NO;
				GCC_C_LANGUAGE_STANDARD = gnu99;
				GCC_DYNAMIC_NO_PIC = NO;
				GCC_OPTIMIZATION_LEVEL = 0;
				GCC_PREPROCESSOR_DEFINITIONS = (
					"DEBUG=1",
					"$(inherited)",
				);
				GCC_SYMBOLS_PRIVATE_EXTERN = NO;
				GCC_WARN_ABOUT_RETURN_TYPE = YES;
				GCC_WARN_UNINITIALIZED_AUTOS = YES;
				GCC_WARN_UNUSED_VARIABLE = YES;
				IPHONEOS_DEPLOYMENT_TARGET = 5.1;
				ONLY_ACTIVE_ARCH = YES;
				SDKROOT = iphoneos;
				TARGETED_DEVICE_FAMILY = "1,2";
			};
			name = Debug;
		};
		805D12FB16F86E8F009A4DBA /* Release */ = {
			isa = XCBuildConfiguration;
			buildSettings = {
				ALWAYS_SEARCH_USER_PATHS = NO;
				CLANG_CXX_LANGUAGE_STANDARD = "gnu++0x";
				CLANG_CXX_LIBRARY = "libc++";
				CLANG_ENABLE_OBJC_ARC = YES;
				CLANG_WARN_CONSTANT_CONVERSION = YES;
				CLANG_WARN_EMPTY_BODY = YES;
				CLANG_WARN_ENUM_CONVERSION = YES;
				CLANG_WARN_INT_CONVERSION = YES;
				CLANG_WARN__DUPLICATE_METHOD_MATCH = YES;
				"CODE_SIGN_IDENTITY[sdk=iphoneos*]" = "iPhone Developer";
				COPY_PHASE_STRIP = YES;
				GCC_C_LANGUAGE_STANDARD = gnu99;
				GCC_WARN_ABOUT_RETURN_TYPE = YES;
				GCC_WARN_UNINITIALIZED_AUTOS = YES;
				GCC_WARN_UNUSED_VARIABLE = YES;
				IPHONEOS_DEPLOYMENT_TARGET = 5.1;
				OTHER_CFLAGS = "-DNS_BLOCK_ASSERTIONS=1";
				SDKROOT = iphoneos;
				TARGETED_DEVICE_FAMILY = "1,2";
				VALIDATE_PRODUCT = YES;
			};
			name = Release;
		};
		805D12FD16F86E8F009A4DBA /* Debug */ = {
			isa = XCBuildConfiguration;
			buildSettings = {
				GCC_PRECOMPILE_PREFIX_HEADER = YES;
				GCC_PREFIX_HEADER = "Tower Defense/Tower Defense-Prefix.pch";
				INFOPLIST_FILE = "Tower Defense/Tower Defense-Info.plist";
				PRODUCT_NAME = "$(TARGET_NAME)";
				WRAPPER_EXTENSION = app;
			};
			name = Debug;
		};
		805D12FE16F86E8F009A4DBA /* Release */ = {
			isa = XCBuildConfiguration;
			buildSettings = {
				GCC_PRECOMPILE_PREFIX_HEADER = YES;
				GCC_PREFIX_HEADER = "Tower Defense/Tower Defense-Prefix.pch";
				INFOPLIST_FILE = "Tower Defense/Tower Defense-Info.plist";
				PRODUCT_NAME = "$(TARGET_NAME)";
				WRAPPER_EXTENSION = app;
			};
			name = Release;
		};
/* End XCBuildConfiguration section */

/* Begin XCConfigurationList section */
		805D12D116F86E8F009A4DBA /* Build configuration list for PBXProject "Tower Defense" */ = {
			isa = XCConfigurationList;
			buildConfigurations = (
				805D12FA16F86E8F009A4DBA /* Debug */,
				805D12FB16F86E8F009A4DBA /* Release */,
			);
			defaultConfigurationIsVisible = 0;
			defaultConfigurationName = Release;
		};
		805D12FC16F86E8F009A4DBA /* Build configuration list for PBXNativeTarget "Tower Defense" */ = {
			isa = XCConfigurationList;
			buildConfigurations = (
				805D12FD16F86E8F009A4DBA /* Debug */,
				805D12FE16F86E8F009A4DBA /* Release */,
			);
			defaultConfigurationIsVisible = 0;
			defaultConfigurationName = Release;
		};
/* End XCConfigurationList section */
	};
	rootObject = 805D12CE16F86E8F009A4DBA /* Project object */;
}
